// !$*UTF8*$!
{
	archiveVersion = 1;
	classes = {
	};
	objectVersion = 56;
	objects = {

/* Begin PBXBuildFile section */
		572AEEBD29A0366C00A011E7 /* LandingViewUITests.swift in Sources */ = {isa = PBXBuildFile; fileRef = 572AEEBC29A0366C00A011E7 /* LandingViewUITests.swift */; };
		572AEEBF29A036A200A011E7 /* PrelogViewUITests.swift in Sources */ = {isa = PBXBuildFile; fileRef = 572AEEBE29A036A200A011E7 /* PrelogViewUITests.swift */; };
		572AEECD29A11C1700A011E7 /* SRButtonCircleSymbol.swift in Sources */ = {isa = PBXBuildFile; fileRef = 572AEECC29A11C1700A011E7 /* SRButtonCircleSymbol.swift */; };
		57B658F5299FE02100C6070C /* FirebaseAuth in Frameworks */ = {isa = PBXBuildFile; productRef = 57B658F4299FE02100C6070C /* FirebaseAuth */; };
		57B658F7299FE02400C6070C /* FirebaseDatabase in Frameworks */ = {isa = PBXBuildFile; productRef = 57B658F6299FE02400C6070C /* FirebaseDatabase */; };
		57C5CEF3298ED73E005957DE /* Simple_Remote_Shopping_ListApp.swift in Sources */ = {isa = PBXBuildFile; fileRef = 57C5CEF2298ED73E005957DE /* Simple_Remote_Shopping_ListApp.swift */; };
		57C5CEF7298ED742005957DE /* Assets.xcassets in Resources */ = {isa = PBXBuildFile; fileRef = 57C5CEF6298ED742005957DE /* Assets.xcassets */; };
		57C5CEFA298ED742005957DE /* Preview Assets.xcassets in Resources */ = {isa = PBXBuildFile; fileRef = 57C5CEF9298ED742005957DE /* Preview Assets.xcassets */; };
		57C5CF04298ED742005957DE /* Simple_Remote_Shopping_ListTests.swift in Sources */ = {isa = PBXBuildFile; fileRef = 57C5CF03298ED742005957DE /* Simple_Remote_Shopping_ListTests.swift */; };
		57C5CF1E298EEC41005957DE /* FirebaseAnalytics in Frameworks */ = {isa = PBXBuildFile; productRef = 57C5CF1D298EEC41005957DE /* FirebaseAnalytics */; };
		57C5CF20298EEC41005957DE /* FirebaseAuth in Frameworks */ = {isa = PBXBuildFile; productRef = 57C5CF1F298EEC41005957DE /* FirebaseAuth */; };
		57C5CF22298EEC41005957DE /* FirebaseCrashlytics in Frameworks */ = {isa = PBXBuildFile; productRef = 57C5CF21298EEC41005957DE /* FirebaseCrashlytics */; };
		57C5CF24298EEC41005957DE /* FirebaseDatabase in Frameworks */ = {isa = PBXBuildFile; productRef = 57C5CF23298EEC41005957DE /* FirebaseDatabase */; };
		57C5CF26298EEC41005957DE /* FirebaseDatabaseSwift in Frameworks */ = {isa = PBXBuildFile; productRef = 57C5CF25298EEC41005957DE /* FirebaseDatabaseSwift */; };
		57C5CF28298EEC41005957DE /* FirebaseFunctions in Frameworks */ = {isa = PBXBuildFile; productRef = 57C5CF27298EEC41005957DE /* FirebaseFunctions */; };
		57C5CF2A298EEC41005957DE /* FirebaseStorage in Frameworks */ = {isa = PBXBuildFile; productRef = 57C5CF29298EEC41005957DE /* FirebaseStorage */; };
		57C5CF2C298EED7B005957DE /* GoogleService-Info.plist in Resources */ = {isa = PBXBuildFile; fileRef = 57C5CF2B298EED7B005957DE /* GoogleService-Info.plist */; };
		57C5CF30298EEEDD005957DE /* PrelogView.swift in Sources */ = {isa = PBXBuildFile; fileRef = 57C5CF2F298EEEDD005957DE /* PrelogView.swift */; };
		57C5CF32298EEF24005957DE /* PrelogViewModel.swift in Sources */ = {isa = PBXBuildFile; fileRef = 57C5CF31298EEF24005957DE /* PrelogViewModel.swift */; };
		57C5CF34298EEF4F005957DE /* SRButton.swift in Sources */ = {isa = PBXBuildFile; fileRef = 57C5CF33298EEF4F005957DE /* SRButton.swift */; };
		57C5CF36298EEFD7005957DE /* SRColors.swift in Sources */ = {isa = PBXBuildFile; fileRef = 57C5CF35298EEFD7005957DE /* SRColors.swift */; };
		57C5CF38298EF017005957DE /* Color+Hexcode.swift in Sources */ = {isa = PBXBuildFile; fileRef = 57C5CF37298EF017005957DE /* Color+Hexcode.swift */; };
		57C5CF3A298EF096005957DE /* SFProText-Medium.ttf in Resources */ = {isa = PBXBuildFile; fileRef = 57C5CF39298EF095005957DE /* SFProText-Medium.ttf */; };
		57C5CF3D298EF139005957DE /* CreateAccountView.swift in Sources */ = {isa = PBXBuildFile; fileRef = 57C5CF3C298EF139005957DE /* CreateAccountView.swift */; };
		57C5CF3F298EF196005957DE /* SRTextbox.swift in Sources */ = {isa = PBXBuildFile; fileRef = 57C5CF3E298EF196005957DE /* SRTextbox.swift */; };
		57C5CF41298EF1ED005957DE /* SRPasswordTextbox.swift in Sources */ = {isa = PBXBuildFile; fileRef = 57C5CF40298EF1ED005957DE /* SRPasswordTextbox.swift */; };
		57C5CF43298EF221005957DE /* SRText.swift in Sources */ = {isa = PBXBuildFile; fileRef = 57C5CF42298EF221005957DE /* SRText.swift */; };
		57C5CF45298EF2D1005957DE /* CreateAccountViewModel.swift in Sources */ = {isa = PBXBuildFile; fileRef = 57C5CF44298EF2D1005957DE /* CreateAccountViewModel.swift */; };
		57C5CF47298EF541005957DE /* LoginView.swift in Sources */ = {isa = PBXBuildFile; fileRef = 57C5CF46298EF541005957DE /* LoginView.swift */; };
		57C5CF49298EF5B8005957DE /* LoginViewModel.swift in Sources */ = {isa = PBXBuildFile; fileRef = 57C5CF48298EF5B8005957DE /* LoginViewModel.swift */; };
		57C5CF4B298EF5FA005957DE /* Toast.swift in Sources */ = {isa = PBXBuildFile; fileRef = 57C5CF4A298EF5FA005957DE /* Toast.swift */; };
		57C5CF4F29918DB7005957DE /* LandingPageView.swift in Sources */ = {isa = PBXBuildFile; fileRef = 57C5CF4E29918DB6005957DE /* LandingPageView.swift */; };
		57C5CF5129918DF2005957DE /* LandingPageViewModel.swift in Sources */ = {isa = PBXBuildFile; fileRef = 57C5CF5029918DF2005957DE /* LandingPageViewModel.swift */; };
		57C5CF5329918F44005957DE /* EditShoppingListView.swift in Sources */ = {isa = PBXBuildFile; fileRef = 57C5CF5229918F44005957DE /* EditShoppingListView.swift */; };
		57C5CF552991CEB4005957DE /* EditShoppingListViewModel.swift in Sources */ = {isa = PBXBuildFile; fileRef = 57C5CF542991CEB4005957DE /* EditShoppingListViewModel.swift */; };
		57C5CF5729947694005957DE /* ShoppingList.swift in Sources */ = {isa = PBXBuildFile; fileRef = 57C5CF5629947693005957DE /* ShoppingList.swift */; };
		57C5CF592994906C005957DE /* ShoppingListItem.swift in Sources */ = {isa = PBXBuildFile; fileRef = 57C5CF582994906B005957DE /* ShoppingListItem.swift */; };
		57C5CF5B299493E4005957DE /* Encodable+dictionary.swift in Sources */ = {isa = PBXBuildFile; fileRef = 57C5CF5A299493E4005957DE /* Encodable+dictionary.swift */; };
		57C5CF5D29955891005957DE /* View+isHidden.swift in Sources */ = {isa = PBXBuildFile; fileRef = 57C5CF5C29955891005957DE /* View+isHidden.swift */; };
/* End PBXBuildFile section */

/* Begin PBXContainerItemProxy section */
		57C5CF00298ED742005957DE /* PBXContainerItemProxy */ = {
			isa = PBXContainerItemProxy;
			containerPortal = 57C5CEE7298ED73E005957DE /* Project object */;
			proxyType = 1;
			remoteGlobalIDString = 57C5CEEE298ED73E005957DE;
			remoteInfo = "Simple-Remote-Shopping-List";
		};
		57C5CF0A298ED742005957DE /* PBXContainerItemProxy */ = {
			isa = PBXContainerItemProxy;
			containerPortal = 57C5CEE7298ED73E005957DE /* Project object */;
			proxyType = 1;
			remoteGlobalIDString = 57C5CEEE298ED73E005957DE;
			remoteInfo = "Simple-Remote-Shopping-List";
		};
/* End PBXContainerItemProxy section */

/* Begin PBXFileReference section */
		572AEEBC29A0366C00A011E7 /* LandingViewUITests.swift */ = {isa = PBXFileReference; lastKnownFileType = sourcecode.swift; path = LandingViewUITests.swift; sourceTree = "<group>"; };
		572AEEBE29A036A200A011E7 /* PrelogViewUITests.swift */ = {isa = PBXFileReference; lastKnownFileType = sourcecode.swift; path = PrelogViewUITests.swift; sourceTree = "<group>"; };
		572AEECC29A11C1700A011E7 /* SRButtonCircleSymbol.swift */ = {isa = PBXFileReference; lastKnownFileType = sourcecode.swift; path = SRButtonCircleSymbol.swift; sourceTree = "<group>"; };
		57C5CEEF298ED73E005957DE /* Simple-Remote-Shopping-List.app */ = {isa = PBXFileReference; explicitFileType = wrapper.application; includeInIndex = 0; path = "Simple-Remote-Shopping-List.app"; sourceTree = BUILT_PRODUCTS_DIR; };
		57C5CEF2298ED73E005957DE /* Simple_Remote_Shopping_ListApp.swift */ = {isa = PBXFileReference; lastKnownFileType = sourcecode.swift; path = Simple_Remote_Shopping_ListApp.swift; sourceTree = "<group>"; };
		57C5CEF6298ED742005957DE /* Assets.xcassets */ = {isa = PBXFileReference; lastKnownFileType = folder.assetcatalog; path = Assets.xcassets; sourceTree = "<group>"; };
		57C5CEF9298ED742005957DE /* Preview Assets.xcassets */ = {isa = PBXFileReference; lastKnownFileType = folder.assetcatalog; path = "Preview Assets.xcassets"; sourceTree = "<group>"; };
		57C5CEFF298ED742005957DE /* Simple-Remote-Shopping-ListTests.xctest */ = {isa = PBXFileReference; explicitFileType = wrapper.cfbundle; includeInIndex = 0; path = "Simple-Remote-Shopping-ListTests.xctest"; sourceTree = BUILT_PRODUCTS_DIR; };
		57C5CF03298ED742005957DE /* Simple_Remote_Shopping_ListTests.swift */ = {isa = PBXFileReference; lastKnownFileType = sourcecode.swift; path = Simple_Remote_Shopping_ListTests.swift; sourceTree = "<group>"; };
		57C5CF09298ED742005957DE /* Simple-Remote-Shopping-ListUITests.xctest */ = {isa = PBXFileReference; explicitFileType = wrapper.cfbundle; includeInIndex = 0; path = "Simple-Remote-Shopping-ListUITests.xctest"; sourceTree = BUILT_PRODUCTS_DIR; };
		57C5CF2B298EED7B005957DE /* GoogleService-Info.plist */ = {isa = PBXFileReference; fileEncoding = 4; lastKnownFileType = text.plist.xml; path = "GoogleService-Info.plist"; sourceTree = "<group>"; };
		57C5CF2F298EEEDD005957DE /* PrelogView.swift */ = {isa = PBXFileReference; lastKnownFileType = sourcecode.swift; path = PrelogView.swift; sourceTree = "<group>"; };
		57C5CF31298EEF24005957DE /* PrelogViewModel.swift */ = {isa = PBXFileReference; lastKnownFileType = sourcecode.swift; path = PrelogViewModel.swift; sourceTree = "<group>"; };
		57C5CF33298EEF4F005957DE /* SRButton.swift */ = {isa = PBXFileReference; lastKnownFileType = sourcecode.swift; path = SRButton.swift; sourceTree = "<group>"; };
		57C5CF35298EEFD7005957DE /* SRColors.swift */ = {isa = PBXFileReference; lastKnownFileType = sourcecode.swift; path = SRColors.swift; sourceTree = "<group>"; };
		57C5CF37298EF017005957DE /* Color+Hexcode.swift */ = {isa = PBXFileReference; lastKnownFileType = sourcecode.swift; path = "Color+Hexcode.swift"; sourceTree = "<group>"; };
		57C5CF39298EF095005957DE /* SFProText-Medium.ttf */ = {isa = PBXFileReference; lastKnownFileType = file; path = "SFProText-Medium.ttf"; sourceTree = "<group>"; };
		57C5CF3B298EF0AE005957DE /* Info.plist */ = {isa = PBXFileReference; lastKnownFileType = text.plist; path = Info.plist; sourceTree = "<group>"; };
		57C5CF3C298EF139005957DE /* CreateAccountView.swift */ = {isa = PBXFileReference; lastKnownFileType = sourcecode.swift; path = CreateAccountView.swift; sourceTree = "<group>"; };
		57C5CF3E298EF196005957DE /* SRTextbox.swift */ = {isa = PBXFileReference; lastKnownFileType = sourcecode.swift; path = SRTextbox.swift; sourceTree = "<group>"; };
		57C5CF40298EF1ED005957DE /* SRPasswordTextbox.swift */ = {isa = PBXFileReference; lastKnownFileType = sourcecode.swift; path = SRPasswordTextbox.swift; sourceTree = "<group>"; };
		57C5CF42298EF221005957DE /* SRText.swift */ = {isa = PBXFileReference; lastKnownFileType = sourcecode.swift; path = SRText.swift; sourceTree = "<group>"; };
		57C5CF44298EF2D1005957DE /* CreateAccountViewModel.swift */ = {isa = PBXFileReference; lastKnownFileType = sourcecode.swift; path = CreateAccountViewModel.swift; sourceTree = "<group>"; };
		57C5CF46298EF541005957DE /* LoginView.swift */ = {isa = PBXFileReference; lastKnownFileType = sourcecode.swift; path = LoginView.swift; sourceTree = "<group>"; };
		57C5CF48298EF5B8005957DE /* LoginViewModel.swift */ = {isa = PBXFileReference; lastKnownFileType = sourcecode.swift; path = LoginViewModel.swift; sourceTree = "<group>"; };
		57C5CF4A298EF5FA005957DE /* Toast.swift */ = {isa = PBXFileReference; lastKnownFileType = sourcecode.swift; path = Toast.swift; sourceTree = "<group>"; };
		57C5CF4E29918DB6005957DE /* LandingPageView.swift */ = {isa = PBXFileReference; lastKnownFileType = sourcecode.swift; path = LandingPageView.swift; sourceTree = "<group>"; };
		57C5CF5029918DF2005957DE /* LandingPageViewModel.swift */ = {isa = PBXFileReference; lastKnownFileType = sourcecode.swift; path = LandingPageViewModel.swift; sourceTree = "<group>"; };
		57C5CF5229918F44005957DE /* EditShoppingListView.swift */ = {isa = PBXFileReference; lastKnownFileType = sourcecode.swift; path = EditShoppingListView.swift; sourceTree = "<group>"; };
		57C5CF542991CEB4005957DE /* EditShoppingListViewModel.swift */ = {isa = PBXFileReference; lastKnownFileType = sourcecode.swift; path = EditShoppingListViewModel.swift; sourceTree = "<group>"; };
		57C5CF5629947693005957DE /* ShoppingList.swift */ = {isa = PBXFileReference; lastKnownFileType = sourcecode.swift; path = ShoppingList.swift; sourceTree = "<group>"; };
		57C5CF582994906B005957DE /* ShoppingListItem.swift */ = {isa = PBXFileReference; lastKnownFileType = sourcecode.swift; path = ShoppingListItem.swift; sourceTree = "<group>"; };
		57C5CF5A299493E4005957DE /* Encodable+dictionary.swift */ = {isa = PBXFileReference; lastKnownFileType = sourcecode.swift; path = "Encodable+dictionary.swift"; sourceTree = "<group>"; };
		57C5CF5C29955891005957DE /* View+isHidden.swift */ = {isa = PBXFileReference; lastKnownFileType = sourcecode.swift; path = "View+isHidden.swift"; sourceTree = "<group>"; };
/* End PBXFileReference section */

/* Begin PBXFrameworksBuildPhase section */
		57C5CEEC298ED73E005957DE /* Frameworks */ = {
			isa = PBXFrameworksBuildPhase;
			buildActionMask = 2147483647;
			files = (
				57C5CF26298EEC41005957DE /* FirebaseDatabaseSwift in Frameworks */,
				57C5CF22298EEC41005957DE /* FirebaseCrashlytics in Frameworks */,
				57C5CF1E298EEC41005957DE /* FirebaseAnalytics in Frameworks */,
				57C5CF28298EEC41005957DE /* FirebaseFunctions in Frameworks */,
				57C5CF2A298EEC41005957DE /* FirebaseStorage in Frameworks */,
				57C5CF24298EEC41005957DE /* FirebaseDatabase in Frameworks */,
				57C5CF20298EEC41005957DE /* FirebaseAuth in Frameworks */,
			);
			runOnlyForDeploymentPostprocessing = 0;
		};
		57C5CEFC298ED742005957DE /* Frameworks */ = {
			isa = PBXFrameworksBuildPhase;
			buildActionMask = 2147483647;
			files = (
				57B658F7299FE02400C6070C /* FirebaseDatabase in Frameworks */,
				57B658F5299FE02100C6070C /* FirebaseAuth in Frameworks */,
			);
			runOnlyForDeploymentPostprocessing = 0;
		};
		57C5CF06298ED742005957DE /* Frameworks */ = {
			isa = PBXFrameworksBuildPhase;
			buildActionMask = 2147483647;
			files = (
			);
			runOnlyForDeploymentPostprocessing = 0;
		};
/* End PBXFrameworksBuildPhase section */

/* Begin PBXGroup section */
		572AEEC029A0393F00A011E7 /* Views */ = {
			isa = PBXGroup;
			children = (
				57C5CF2F298EEEDD005957DE /* PrelogView.swift */,
				57C5CF5229918F44005957DE /* EditShoppingListView.swift */,
				57C5CF4E29918DB6005957DE /* LandingPageView.swift */,
				57C5CF3C298EF139005957DE /* CreateAccountView.swift */,
				57C5CF46298EF541005957DE /* LoginView.swift */,
			);
			path = Views;
			sourceTree = "<group>";
		};
		572AEEC129A0394A00A011E7 /* ViewModels */ = {
			isa = PBXGroup;
			children = (
				57C5CF31298EEF24005957DE /* PrelogViewModel.swift */,
				57C5CF542991CEB4005957DE /* EditShoppingListViewModel.swift */,
				57C5CF5029918DF2005957DE /* LandingPageViewModel.swift */,
				57C5CF44298EF2D1005957DE /* CreateAccountViewModel.swift */,
				57C5CF48298EF5B8005957DE /* LoginViewModel.swift */,
			);
			path = ViewModels;
			sourceTree = "<group>";
		};
		572AEEC229A0396100A011E7 /* Components */ = {
			isa = PBXGroup;
			children = (
				572AEECC29A11C1700A011E7 /* SRButtonCircleSymbol.swift */,
				57C5CF33298EEF4F005957DE /* SRButton.swift */,
				57C5CF35298EEFD7005957DE /* SRColors.swift */,
				57C5CF3E298EF196005957DE /* SRTextbox.swift */,
				57C5CF40298EF1ED005957DE /* SRPasswordTextbox.swift */,
				57C5CF42298EF221005957DE /* SRText.swift */,
				57C5CF4A298EF5FA005957DE /* Toast.swift */,
			);
			path = Components;
			sourceTree = "<group>";
		};
		572AEEC329A0398500A011E7 /* Extensions */ = {
			isa = PBXGroup;
			children = (
				57C5CF5A299493E4005957DE /* Encodable+dictionary.swift */,
				57C5CF5C29955891005957DE /* View+isHidden.swift */,
				57C5CF37298EF017005957DE /* Color+Hexcode.swift */,
			);
			path = Extensions;
			sourceTree = "<group>";
		};
		572AEEC629A039E700A011E7 /* Models */ = {
			isa = PBXGroup;
			children = (
				57C5CF582994906B005957DE /* ShoppingListItem.swift */,
				57C5CF5629947693005957DE /* ShoppingList.swift */,
			);
			path = Models;
			sourceTree = "<group>";
		};
		57B658BD299FDB7E00C6070C /* Frameworks */ = {
			isa = PBXGroup;
			children = (
			);
			name = Frameworks;
			sourceTree = "<group>";
		};
		57C5CEE6298ED73E005957DE = {
			isa = PBXGroup;
			children = (
				57C5CEF1298ED73E005957DE /* Simple-Remote-Shopping-List */,
				57C5CF02298ED742005957DE /* Simple-Remote-Shopping-ListTests */,
				57C5CF0C298ED742005957DE /* Simple-Remote-Shopping-ListUITests */,
				57C5CEF0298ED73E005957DE /* Products */,
				57B658BD299FDB7E00C6070C /* Frameworks */,
			);
			sourceTree = "<group>";
		};
		57C5CEF0298ED73E005957DE /* Products */ = {
			isa = PBXGroup;
			children = (
				57C5CEEF298ED73E005957DE /* Simple-Remote-Shopping-List.app */,
				57C5CEFF298ED742005957DE /* Simple-Remote-Shopping-ListTests.xctest */,
				57C5CF09298ED742005957DE /* Simple-Remote-Shopping-ListUITests.xctest */,
			);
			name = Products;
			sourceTree = "<group>";
		};
		57C5CEF1298ED73E005957DE /* Simple-Remote-Shopping-List */ = {
			isa = PBXGroup;
			children = (
				572AEEC629A039E700A011E7 /* Models */,
				572AEEC129A0394A00A011E7 /* ViewModels */,
				572AEEC029A0393F00A011E7 /* Views */,
				572AEEC229A0396100A011E7 /* Components */,
				572AEEC329A0398500A011E7 /* Extensions */,
				57C5CF3B298EF0AE005957DE /* Info.plist */,
				57C5CF2B298EED7B005957DE /* GoogleService-Info.plist */,
				57C5CF39298EF095005957DE /* SFProText-Medium.ttf */,
				57C5CEF6298ED742005957DE /* Assets.xcassets */,
				57C5CEF2298ED73E005957DE /* Simple_Remote_Shopping_ListApp.swift */,
				57C5CEF8298ED742005957DE /* Preview Content */,
			);
			path = "Simple-Remote-Shopping-List";
			sourceTree = "<group>";
		};
		57C5CEF8298ED742005957DE /* Preview Content */ = {
			isa = PBXGroup;
			children = (
				57C5CEF9298ED742005957DE /* Preview Assets.xcassets */,
			);
			path = "Preview Content";
			sourceTree = "<group>";
		};
		57C5CF02298ED742005957DE /* Simple-Remote-Shopping-ListTests */ = {
			isa = PBXGroup;
			children = (
				57C5CF03298ED742005957DE /* Simple_Remote_Shopping_ListTests.swift */,
			);
			path = "Simple-Remote-Shopping-ListTests";
			sourceTree = "<group>";
		};
		57C5CF0C298ED742005957DE /* Simple-Remote-Shopping-ListUITests */ = {
			isa = PBXGroup;
			children = (
				572AEEBE29A036A200A011E7 /* PrelogViewUITests.swift */,
				572AEEBC29A0366C00A011E7 /* LandingViewUITests.swift */,
			);
			path = "Simple-Remote-Shopping-ListUITests";
			sourceTree = "<group>";
		};
/* End PBXGroup section */

/* Begin PBXNativeTarget section */
		57C5CEEE298ED73E005957DE /* Simple-Remote-Shopping-List */ = {
			isa = PBXNativeTarget;
			buildConfigurationList = 57C5CF13298ED742005957DE /* Build configuration list for PBXNativeTarget "Simple-Remote-Shopping-List" */;
			buildPhases = (
				57C5CEEB298ED73E005957DE /* Sources */,
				57C5CEEC298ED73E005957DE /* Frameworks */,
				57C5CEED298ED73E005957DE /* Resources */,
			);
			buildRules = (
			);
			dependencies = (
			);
			name = "Simple-Remote-Shopping-List";
			packageProductDependencies = (
				57C5CF1D298EEC41005957DE /* FirebaseAnalytics */,
				57C5CF1F298EEC41005957DE /* FirebaseAuth */,
				57C5CF21298EEC41005957DE /* FirebaseCrashlytics */,
				57C5CF23298EEC41005957DE /* FirebaseDatabase */,
				57C5CF25298EEC41005957DE /* FirebaseDatabaseSwift */,
				57C5CF27298EEC41005957DE /* FirebaseFunctions */,
				57C5CF29298EEC41005957DE /* FirebaseStorage */,
			);
			productName = "Simple-Remote-Shopping-List";
			productReference = 57C5CEEF298ED73E005957DE /* Simple-Remote-Shopping-List.app */;
			productType = "com.apple.product-type.application";
		};
		57C5CEFE298ED742005957DE /* Simple-Remote-Shopping-ListTests */ = {
			isa = PBXNativeTarget;
			buildConfigurationList = 57C5CF16298ED742005957DE /* Build configuration list for PBXNativeTarget "Simple-Remote-Shopping-ListTests" */;
			buildPhases = (
				57C5CEFB298ED742005957DE /* Sources */,
				57C5CEFC298ED742005957DE /* Frameworks */,
				57C5CEFD298ED742005957DE /* Resources */,
			);
			buildRules = (
			);
			dependencies = (
				57C5CF01298ED742005957DE /* PBXTargetDependency */,
			);
			name = "Simple-Remote-Shopping-ListTests";
			packageProductDependencies = (
				57B658F4299FE02100C6070C /* FirebaseAuth */,
				57B658F6299FE02400C6070C /* FirebaseDatabase */,
			);
			productName = "Simple-Remote-Shopping-ListTests";
			productReference = 57C5CEFF298ED742005957DE /* Simple-Remote-Shopping-ListTests.xctest */;
			productType = "com.apple.product-type.bundle.unit-test";
		};
		57C5CF08298ED742005957DE /* Simple-Remote-Shopping-ListUITests */ = {
			isa = PBXNativeTarget;
			buildConfigurationList = 57C5CF19298ED742005957DE /* Build configuration list for PBXNativeTarget "Simple-Remote-Shopping-ListUITests" */;
			buildPhases = (
				57C5CF05298ED742005957DE /* Sources */,
				57C5CF06298ED742005957DE /* Frameworks */,
				57C5CF07298ED742005957DE /* Resources */,
			);
			buildRules = (
			);
			dependencies = (
				57C5CF0B298ED742005957DE /* PBXTargetDependency */,
			);
			name = "Simple-Remote-Shopping-ListUITests";
			productName = "Simple-Remote-Shopping-ListUITests";
			productReference = 57C5CF09298ED742005957DE /* Simple-Remote-Shopping-ListUITests.xctest */;
			productType = "com.apple.product-type.bundle.ui-testing";
		};
/* End PBXNativeTarget section */

/* Begin PBXProject section */
		57C5CEE7298ED73E005957DE /* Project object */ = {
			isa = PBXProject;
			attributes = {
				BuildIndependentTargetsInParallel = 1;
				LastSwiftUpdateCheck = 1420;
				LastUpgradeCheck = 1420;
				TargetAttributes = {
					57C5CEEE298ED73E005957DE = {
						CreatedOnToolsVersion = 14.2;
					};
					57C5CEFE298ED742005957DE = {
						CreatedOnToolsVersion = 14.2;
						TestTargetID = 57C5CEEE298ED73E005957DE;
					};
					57C5CF08298ED742005957DE = {
						CreatedOnToolsVersion = 14.2;
						LastSwiftMigration = 1420;
						TestTargetID = 57C5CEEE298ED73E005957DE;
					};
				};
			};
			buildConfigurationList = 57C5CEEA298ED73E005957DE /* Build configuration list for PBXProject "Simple-Remote-Shopping-List" */;
			compatibilityVersion = "Xcode 14.0";
			developmentRegion = en;
			hasScannedForEncodings = 0;
			knownRegions = (
				en,
				Base,
			);
			mainGroup = 57C5CEE6298ED73E005957DE;
			packageReferences = (
				57C5CF1C298EEC41005957DE /* XCRemoteSwiftPackageReference "firebase-ios-sdk" */,
			);
			productRefGroup = 57C5CEF0298ED73E005957DE /* Products */;
			projectDirPath = "";
			projectRoot = "";
			targets = (
				57C5CEEE298ED73E005957DE /* Simple-Remote-Shopping-List */,
				57C5CEFE298ED742005957DE /* Simple-Remote-Shopping-ListTests */,
				57C5CF08298ED742005957DE /* Simple-Remote-Shopping-ListUITests */,
			);
		};
/* End PBXProject section */

/* Begin PBXResourcesBuildPhase section */
		57C5CEED298ED73E005957DE /* Resources */ = {
			isa = PBXResourcesBuildPhase;
			buildActionMask = 2147483647;
			files = (
				57C5CEFA298ED742005957DE /* Preview Assets.xcassets in Resources */,
				57C5CF3A298EF096005957DE /* SFProText-Medium.ttf in Resources */,
				57C5CEF7298ED742005957DE /* Assets.xcassets in Resources */,
				57C5CF2C298EED7B005957DE /* GoogleService-Info.plist in Resources */,
			);
			runOnlyForDeploymentPostprocessing = 0;
		};
		57C5CEFD298ED742005957DE /* Resources */ = {
			isa = PBXResourcesBuildPhase;
			buildActionMask = 2147483647;
			files = (
			);
			runOnlyForDeploymentPostprocessing = 0;
		};
		57C5CF07298ED742005957DE /* Resources */ = {
			isa = PBXResourcesBuildPhase;
			buildActionMask = 2147483647;
			files = (
			);
			runOnlyForDeploymentPostprocessing = 0;
		};
/* End PBXResourcesBuildPhase section */

/* Begin PBXSourcesBuildPhase section */
		57C5CEEB298ED73E005957DE /* Sources */ = {
			isa = PBXSourcesBuildPhase;
			buildActionMask = 2147483647;
			files = (
				57C5CF38298EF017005957DE /* Color+Hexcode.swift in Sources */,
				57C5CF36298EEFD7005957DE /* SRColors.swift in Sources */,
				57C5CF32298EEF24005957DE /* PrelogViewModel.swift in Sources */,
				57C5CF3D298EF139005957DE /* CreateAccountView.swift in Sources */,
				57C5CF5729947694005957DE /* ShoppingList.swift in Sources */,
				57C5CEF3298ED73E005957DE /* Simple_Remote_Shopping_ListApp.swift in Sources */,
				57C5CF5B299493E4005957DE /* Encodable+dictionary.swift in Sources */,
				57C5CF3F298EF196005957DE /* SRTextbox.swift in Sources */,
				57C5CF47298EF541005957DE /* LoginView.swift in Sources */,
				57C5CF592994906C005957DE /* ShoppingListItem.swift in Sources */,
				572AEECD29A11C1700A011E7 /* SRButtonCircleSymbol.swift in Sources */,
				57C5CF4F29918DB7005957DE /* LandingPageView.swift in Sources */,
				57C5CF41298EF1ED005957DE /* SRPasswordTextbox.swift in Sources */,
				57C5CF552991CEB4005957DE /* EditShoppingListViewModel.swift in Sources */,
				57C5CF49298EF5B8005957DE /* LoginViewModel.swift in Sources */,
				57C5CF5D29955891005957DE /* View+isHidden.swift in Sources */,
				57C5CF5329918F44005957DE /* EditShoppingListView.swift in Sources */,
				57C5CF45298EF2D1005957DE /* CreateAccountViewModel.swift in Sources */,
				57C5CF5129918DF2005957DE /* LandingPageViewModel.swift in Sources */,
				57C5CF34298EEF4F005957DE /* SRButton.swift in Sources */,
				57C5CF30298EEEDD005957DE /* PrelogView.swift in Sources */,
				57C5CF43298EF221005957DE /* SRText.swift in Sources */,
				57C5CF4B298EF5FA005957DE /* Toast.swift in Sources */,
			);
			runOnlyForDeploymentPostprocessing = 0;
		};
		57C5CEFB298ED742005957DE /* Sources */ = {
			isa = PBXSourcesBuildPhase;
			buildActionMask = 2147483647;
			files = (
				57C5CF04298ED742005957DE /* Simple_Remote_Shopping_ListTests.swift in Sources */,
			);
			runOnlyForDeploymentPostprocessing = 0;
		};
		57C5CF05298ED742005957DE /* Sources */ = {
			isa = PBXSourcesBuildPhase;
			buildActionMask = 2147483647;
			files = (
				572AEEBD29A0366C00A011E7 /* LandingViewUITests.swift in Sources */,
				572AEEBF29A036A200A011E7 /* PrelogViewUITests.swift in Sources */,
			);
			runOnlyForDeploymentPostprocessing = 0;
		};
/* End PBXSourcesBuildPhase section */

/* Begin PBXTargetDependency section */
		57C5CF01298ED742005957DE /* PBXTargetDependency */ = {
			isa = PBXTargetDependency;
			target = 57C5CEEE298ED73E005957DE /* Simple-Remote-Shopping-List */;
			targetProxy = 57C5CF00298ED742005957DE /* PBXContainerItemProxy */;
		};
		57C5CF0B298ED742005957DE /* PBXTargetDependency */ = {
			isa = PBXTargetDependency;
			target = 57C5CEEE298ED73E005957DE /* Simple-Remote-Shopping-List */;
			targetProxy = 57C5CF0A298ED742005957DE /* PBXContainerItemProxy */;
		};
/* End PBXTargetDependency section */

/* Begin XCBuildConfiguration section */
		572AEEC729A04B8D00A011E7 /* UITest */ = {
			isa = XCBuildConfiguration;
			buildSettings = {
				ALWAYS_SEARCH_USER_PATHS = NO;
				CLANG_ANALYZER_NONNULL = YES;
				CLANG_ANALYZER_NUMBER_OBJECT_CONVERSION = YES_AGGRESSIVE;
				CLANG_CXX_LANGUAGE_STANDARD = "gnu++20";
				CLANG_ENABLE_MODULES = YES;
				CLANG_ENABLE_OBJC_ARC = YES;
				CLANG_ENABLE_OBJC_WEAK = YES;
				CLANG_WARN_BLOCK_CAPTURE_AUTORELEASING = YES;
				CLANG_WARN_BOOL_CONVERSION = YES;
				CLANG_WARN_COMMA = YES;
				CLANG_WARN_CONSTANT_CONVERSION = YES;
				CLANG_WARN_DEPRECATED_OBJC_IMPLEMENTATIONS = YES;
				CLANG_WARN_DIRECT_OBJC_ISA_USAGE = YES_ERROR;
				CLANG_WARN_DOCUMENTATION_COMMENTS = YES;
				CLANG_WARN_EMPTY_BODY = YES;
				CLANG_WARN_ENUM_CONVERSION = YES;
				CLANG_WARN_INFINITE_RECURSION = YES;
				CLANG_WARN_INT_CONVERSION = YES;
				CLANG_WARN_NON_LITERAL_NULL_CONVERSION = YES;
				CLANG_WARN_OBJC_IMPLICIT_RETAIN_SELF = YES;
				CLANG_WARN_OBJC_LITERAL_CONVERSION = YES;
				CLANG_WARN_OBJC_ROOT_CLASS = YES_ERROR;
				CLANG_WARN_QUOTED_INCLUDE_IN_FRAMEWORK_HEADER = YES;
				CLANG_WARN_RANGE_LOOP_ANALYSIS = YES;
				CLANG_WARN_STRICT_PROTOTYPES = YES;
				CLANG_WARN_SUSPICIOUS_MOVE = YES;
				CLANG_WARN_UNGUARDED_AVAILABILITY = YES_AGGRESSIVE;
				CLANG_WARN_UNREACHABLE_CODE = YES;
				CLANG_WARN__DUPLICATE_METHOD_MATCH = YES;
				COPY_PHASE_STRIP = NO;
				DEBUG_INFORMATION_FORMAT = dwarf;
				ENABLE_STRICT_OBJC_MSGSEND = YES;
				ENABLE_TESTABILITY = YES;
				GCC_C_LANGUAGE_STANDARD = gnu11;
				GCC_DYNAMIC_NO_PIC = NO;
				GCC_NO_COMMON_BLOCKS = YES;
				GCC_OPTIMIZATION_LEVEL = 0;
				GCC_PREPROCESSOR_DEFINITIONS = (
					"DEBUG=1",
					"$(inherited)",
				);
				GCC_WARN_64_TO_32_BIT_CONVERSION = YES;
				GCC_WARN_ABOUT_RETURN_TYPE = YES_ERROR;
				GCC_WARN_UNDECLARED_SELECTOR = YES;
				GCC_WARN_UNINITIALIZED_AUTOS = YES_AGGRESSIVE;
				GCC_WARN_UNUSED_FUNCTION = YES;
				GCC_WARN_UNUSED_VARIABLE = YES;
				IPHONEOS_DEPLOYMENT_TARGET = 16.2;
				MTL_ENABLE_DEBUG_INFO = INCLUDE_SOURCE;
				MTL_FAST_MATH = YES;
				ONLY_ACTIVE_ARCH = YES;
				SDKROOT = iphoneos;
				SWIFT_ACTIVE_COMPILATION_CONDITIONS = "DEBUG UITest";
				SWIFT_OPTIMIZATION_LEVEL = "-Onone";
			};
			name = UITest;
		};
		572AEEC829A04B8D00A011E7 /* UITest */ = {
			isa = XCBuildConfiguration;
			buildSettings = {
				ASSETCATALOG_COMPILER_APPICON_NAME = AppIcon;
				ASSETCATALOG_COMPILER_GLOBAL_ACCENT_COLOR_NAME = AccentColor;
				CODE_SIGN_IDENTITY = "Apple Development";
				CODE_SIGN_STYLE = Automatic;
				CURRENT_PROJECT_VERSION = 1;
				DEVELOPMENT_ASSET_PATHS = "\"Simple-Remote-Shopping-List/Preview Content\"";
				DEVELOPMENT_TEAM = X9NZ672UUT;
				ENABLE_PREVIEWS = YES;
				GENERATE_INFOPLIST_FILE = YES;
				INFOPLIST_FILE = "Simple-Remote-Shopping-List/Info.plist";
				INFOPLIST_KEY_UIApplicationSupportsIndirectInputEvents = YES;
				INFOPLIST_KEY_UILaunchScreen_Generation = YES;
				INFOPLIST_KEY_UISupportedInterfaceOrientations_iPad = "UIInterfaceOrientationPortrait UIInterfaceOrientationPortraitUpsideDown UIInterfaceOrientationLandscapeLeft UIInterfaceOrientationLandscapeRight";
				INFOPLIST_KEY_UISupportedInterfaceOrientations_iPhone = "UIInterfaceOrientationPortrait UIInterfaceOrientationLandscapeLeft UIInterfaceOrientationLandscapeRight";
				LD_RUNPATH_SEARCH_PATHS = (
					"$(inherited)",
					"@executable_path/Frameworks",
				);
				MARKETING_VERSION = 1.0;
				PRODUCT_BUNDLE_IDENTIFIER = "keithc.Simple-Remote-Shopping-List";
				PRODUCT_NAME = "$(TARGET_NAME)";
				PROVISIONING_PROFILE_SPECIFIER = "";
				SWIFT_EMIT_LOC_STRINGS = YES;
				SWIFT_VERSION = 5.0;
				TARGETED_DEVICE_FAMILY = "1,2";
			};
			name = UITest;
		};
		572AEEC929A04B8D00A011E7 /* UITest */ = {
			isa = XCBuildConfiguration;
			buildSettings = {
				ALWAYS_EMBED_SWIFT_STANDARD_LIBRARIES = YES;
				BUNDLE_LOADER = "$(TEST_HOST)";
				CODE_SIGN_STYLE = Automatic;
				CURRENT_PROJECT_VERSION = 1;
				DEVELOPMENT_TEAM = X9NZ672UUT;
				GENERATE_INFOPLIST_FILE = YES;
				IPHONEOS_DEPLOYMENT_TARGET = 16.2;
				MARKETING_VERSION = 1.0;
				PRODUCT_BUNDLE_IDENTIFIER = "keithc.Simple-Remote-Shopping-ListTests";
				PRODUCT_NAME = "$(TARGET_NAME)";
				SWIFT_EMIT_LOC_STRINGS = NO;
				SWIFT_VERSION = 5.0;
				TARGETED_DEVICE_FAMILY = "1,2";
				TEST_HOST = "$(BUILT_PRODUCTS_DIR)/Simple-Remote-Shopping-List.app/$(BUNDLE_EXECUTABLE_FOLDER_PATH)/Simple-Remote-Shopping-List";
			};
			name = UITest;
		};
		572AEECA29A04B8D00A011E7 /* UITest */ = {
			isa = XCBuildConfiguration;
			buildSettings = {
				ALWAYS_EMBED_SWIFT_STANDARD_LIBRARIES = YES;
				CLANG_ENABLE_MODULES = YES;
				CODE_SIGN_STYLE = Automatic;
				CURRENT_PROJECT_VERSION = 1;
				DEVELOPMENT_TEAM = X9NZ672UUT;
				GCC_PREPROCESSOR_DEFINITIONS = (
					"DEBUG=1",
					"$(inherited)",
				);
				GENERATE_INFOPLIST_FILE = YES;
				LD_RUNPATH_SEARCH_PATHS = (
					"$(inherited)",
					"@executable_path/Frameworks",
					"@loader_path/Frameworks",
				);
				MARKETING_VERSION = 1.0;
				OTHER_SWIFT_FLAGS = "";
				PRODUCT_BUNDLE_IDENTIFIER = "keithc.Simple-Remote-Shopping-ListUITests";
				PRODUCT_NAME = "$(TARGET_NAME)";
				SWIFT_EMIT_LOC_STRINGS = NO;
				SWIFT_OPTIMIZATION_LEVEL = "-Onone";
				SWIFT_VERSION = 5.0;
				TARGETED_DEVICE_FAMILY = "1,2";
				TEST_TARGET_NAME = "Simple-Remote-Shopping-List";
			};
			name = UITest;
		};
		57C5CF11298ED742005957DE /* Debug */ = {
			isa = XCBuildConfiguration;
			buildSettings = {
				ALWAYS_SEARCH_USER_PATHS = NO;
				CLANG_ANALYZER_NONNULL = YES;
				CLANG_ANALYZER_NUMBER_OBJECT_CONVERSION = YES_AGGRESSIVE;
				CLANG_CXX_LANGUAGE_STANDARD = "gnu++20";
				CLANG_ENABLE_MODULES = YES;
				CLANG_ENABLE_OBJC_ARC = YES;
				CLANG_ENABLE_OBJC_WEAK = YES;
				CLANG_WARN_BLOCK_CAPTURE_AUTORELEASING = YES;
				CLANG_WARN_BOOL_CONVERSION = YES;
				CLANG_WARN_COMMA = YES;
				CLANG_WARN_CONSTANT_CONVERSION = YES;
				CLANG_WARN_DEPRECATED_OBJC_IMPLEMENTATIONS = YES;
				CLANG_WARN_DIRECT_OBJC_ISA_USAGE = YES_ERROR;
				CLANG_WARN_DOCUMENTATION_COMMENTS = YES;
				CLANG_WARN_EMPTY_BODY = YES;
				CLANG_WARN_ENUM_CONVERSION = YES;
				CLANG_WARN_INFINITE_RECURSION = YES;
				CLANG_WARN_INT_CONVERSION = YES;
				CLANG_WARN_NON_LITERAL_NULL_CONVERSION = YES;
				CLANG_WARN_OBJC_IMPLICIT_RETAIN_SELF = YES;
				CLANG_WARN_OBJC_LITERAL_CONVERSION = YES;
				CLANG_WARN_OBJC_ROOT_CLASS = YES_ERROR;
				CLANG_WARN_QUOTED_INCLUDE_IN_FRAMEWORK_HEADER = YES;
				CLANG_WARN_RANGE_LOOP_ANALYSIS = YES;
				CLANG_WARN_STRICT_PROTOTYPES = YES;
				CLANG_WARN_SUSPICIOUS_MOVE = YES;
				CLANG_WARN_UNGUARDED_AVAILABILITY = YES_AGGRESSIVE;
				CLANG_WARN_UNREACHABLE_CODE = YES;
				CLANG_WARN__DUPLICATE_METHOD_MATCH = YES;
				COPY_PHASE_STRIP = NO;
				DEBUG_INFORMATION_FORMAT = dwarf;
				ENABLE_STRICT_OBJC_MSGSEND = YES;
				ENABLE_TESTABILITY = YES;
				GCC_C_LANGUAGE_STANDARD = gnu11;
				GCC_DYNAMIC_NO_PIC = NO;
				GCC_NO_COMMON_BLOCKS = YES;
				GCC_OPTIMIZATION_LEVEL = 0;
				GCC_PREPROCESSOR_DEFINITIONS = (
					"DEBUG=1",
					"$(inherited)",
				);
				GCC_WARN_64_TO_32_BIT_CONVERSION = YES;
				GCC_WARN_ABOUT_RETURN_TYPE = YES_ERROR;
				GCC_WARN_UNDECLARED_SELECTOR = YES;
				GCC_WARN_UNINITIALIZED_AUTOS = YES_AGGRESSIVE;
				GCC_WARN_UNUSED_FUNCTION = YES;
				GCC_WARN_UNUSED_VARIABLE = YES;
				IPHONEOS_DEPLOYMENT_TARGET = 16.2;
				MTL_ENABLE_DEBUG_INFO = INCLUDE_SOURCE;
				MTL_FAST_MATH = YES;
				ONLY_ACTIVE_ARCH = YES;
				SDKROOT = iphoneos;
				SWIFT_ACTIVE_COMPILATION_CONDITIONS = DEBUG;
				SWIFT_OPTIMIZATION_LEVEL = "-Onone";
			};
			name = Debug;
		};
		57C5CF12298ED742005957DE /* Release */ = {
			isa = XCBuildConfiguration;
			buildSettings = {
				ALWAYS_SEARCH_USER_PATHS = NO;
				CLANG_ANALYZER_NONNULL = YES;
				CLANG_ANALYZER_NUMBER_OBJECT_CONVERSION = YES_AGGRESSIVE;
				CLANG_CXX_LANGUAGE_STANDARD = "gnu++20";
				CLANG_ENABLE_MODULES = YES;
				CLANG_ENABLE_OBJC_ARC = YES;
				CLANG_ENABLE_OBJC_WEAK = YES;
				CLANG_WARN_BLOCK_CAPTURE_AUTORELEASING = YES;
				CLANG_WARN_BOOL_CONVERSION = YES;
				CLANG_WARN_COMMA = YES;
				CLANG_WARN_CONSTANT_CONVERSION = YES;
				CLANG_WARN_DEPRECATED_OBJC_IMPLEMENTATIONS = YES;
				CLANG_WARN_DIRECT_OBJC_ISA_USAGE = YES_ERROR;
				CLANG_WARN_DOCUMENTATION_COMMENTS = YES;
				CLANG_WARN_EMPTY_BODY = YES;
				CLANG_WARN_ENUM_CONVERSION = YES;
				CLANG_WARN_INFINITE_RECURSION = YES;
				CLANG_WARN_INT_CONVERSION = YES;
				CLANG_WARN_NON_LITERAL_NULL_CONVERSION = YES;
				CLANG_WARN_OBJC_IMPLICIT_RETAIN_SELF = YES;
				CLANG_WARN_OBJC_LITERAL_CONVERSION = YES;
				CLANG_WARN_OBJC_ROOT_CLASS = YES_ERROR;
				CLANG_WARN_QUOTED_INCLUDE_IN_FRAMEWORK_HEADER = YES;
				CLANG_WARN_RANGE_LOOP_ANALYSIS = YES;
				CLANG_WARN_STRICT_PROTOTYPES = YES;
				CLANG_WARN_SUSPICIOUS_MOVE = YES;
				CLANG_WARN_UNGUARDED_AVAILABILITY = YES_AGGRESSIVE;
				CLANG_WARN_UNREACHABLE_CODE = YES;
				CLANG_WARN__DUPLICATE_METHOD_MATCH = YES;
				COPY_PHASE_STRIP = NO;
				DEBUG_INFORMATION_FORMAT = "dwarf-with-dsym";
				ENABLE_NS_ASSERTIONS = NO;
				ENABLE_STRICT_OBJC_MSGSEND = YES;
				GCC_C_LANGUAGE_STANDARD = gnu11;
				GCC_NO_COMMON_BLOCKS = YES;
				GCC_WARN_64_TO_32_BIT_CONVERSION = YES;
				GCC_WARN_ABOUT_RETURN_TYPE = YES_ERROR;
				GCC_WARN_UNDECLARED_SELECTOR = YES;
				GCC_WARN_UNINITIALIZED_AUTOS = YES_AGGRESSIVE;
				GCC_WARN_UNUSED_FUNCTION = YES;
				GCC_WARN_UNUSED_VARIABLE = YES;
				IPHONEOS_DEPLOYMENT_TARGET = 16.2;
				MTL_ENABLE_DEBUG_INFO = NO;
				MTL_FAST_MATH = YES;
				SDKROOT = iphoneos;
				SWIFT_COMPILATION_MODE = wholemodule;
				SWIFT_OPTIMIZATION_LEVEL = "-O";
				VALIDATE_PRODUCT = YES;
			};
			name = Release;
		};
		57C5CF14298ED742005957DE /* Debug */ = {
			isa = XCBuildConfiguration;
			buildSettings = {
				ASSETCATALOG_COMPILER_APPICON_NAME = AppIcon;
				ASSETCATALOG_COMPILER_GLOBAL_ACCENT_COLOR_NAME = AccentColor;
				CODE_SIGN_IDENTITY = "Apple Development";
				CODE_SIGN_STYLE = Automatic;
				CURRENT_PROJECT_VERSION = 1;
				DEVELOPMENT_ASSET_PATHS = "\"Simple-Remote-Shopping-List/Preview Content\"";
				DEVELOPMENT_TEAM = X9NZ672UUT;
				ENABLE_PREVIEWS = YES;
				GENERATE_INFOPLIST_FILE = YES;
				INFOPLIST_FILE = "Simple-Remote-Shopping-List/Info.plist";
				INFOPLIST_KEY_UIApplicationSupportsIndirectInputEvents = YES;
				INFOPLIST_KEY_UILaunchScreen_Generation = YES;
				INFOPLIST_KEY_UISupportedInterfaceOrientations_iPad = "UIInterfaceOrientationPortrait UIInterfaceOrientationPortraitUpsideDown UIInterfaceOrientationLandscapeLeft UIInterfaceOrientationLandscapeRight";
				INFOPLIST_KEY_UISupportedInterfaceOrientations_iPhone = "UIInterfaceOrientationPortrait UIInterfaceOrientationLandscapeLeft UIInterfaceOrientationLandscapeRight";
				LD_RUNPATH_SEARCH_PATHS = (
					"$(inherited)",
					"@executable_path/Frameworks",
				);
				MARKETING_VERSION = 1.0;
				PRODUCT_BUNDLE_IDENTIFIER = "keithc.Simple-Remote-Shopping-List";
				PRODUCT_NAME = "$(TARGET_NAME)";
				PROVISIONING_PROFILE_SPECIFIER = "";
				SWIFT_EMIT_LOC_STRINGS = YES;
				SWIFT_VERSION = 5.0;
				TARGETED_DEVICE_FAMILY = "1,2";
			};
			name = Debug;
		};
		57C5CF15298ED742005957DE /* Release */ = {
			isa = XCBuildConfiguration;
			buildSettings = {
				ASSETCATALOG_COMPILER_APPICON_NAME = AppIcon;
				ASSETCATALOG_COMPILER_GLOBAL_ACCENT_COLOR_NAME = AccentColor;
				CODE_SIGN_IDENTITY = "Apple Development";
				CODE_SIGN_STYLE = Automatic;
				CURRENT_PROJECT_VERSION = 1;
				DEVELOPMENT_ASSET_PATHS = "\"Simple-Remote-Shopping-List/Preview Content\"";
				DEVELOPMENT_TEAM = X9NZ672UUT;
				ENABLE_PREVIEWS = YES;
				GENERATE_INFOPLIST_FILE = YES;
				INFOPLIST_FILE = "Simple-Remote-Shopping-List/Info.plist";
				INFOPLIST_KEY_UIApplicationSupportsIndirectInputEvents = YES;
				INFOPLIST_KEY_UILaunchScreen_Generation = YES;
				INFOPLIST_KEY_UISupportedInterfaceOrientations_iPad = "UIInterfaceOrientationPortrait UIInterfaceOrientationPortraitUpsideDown UIInterfaceOrientationLandscapeLeft UIInterfaceOrientationLandscapeRight";
				INFOPLIST_KEY_UISupportedInterfaceOrientations_iPhone = "UIInterfaceOrientationPortrait UIInterfaceOrientationLandscapeLeft UIInterfaceOrientationLandscapeRight";
				LD_RUNPATH_SEARCH_PATHS = (
					"$(inherited)",
					"@executable_path/Frameworks",
				);
				MARKETING_VERSION = 1.0;
				PRODUCT_BUNDLE_IDENTIFIER = "keithc.Simple-Remote-Shopping-List";
				PRODUCT_NAME = "$(TARGET_NAME)";
				PROVISIONING_PROFILE_SPECIFIER = "";
				SWIFT_EMIT_LOC_STRINGS = YES;
				SWIFT_VERSION = 5.0;
				TARGETED_DEVICE_FAMILY = "1,2";
			};
			name = Release;
		};
		57C5CF17298ED742005957DE /* Debug */ = {
			isa = XCBuildConfiguration;
			buildSettings = {
				ALWAYS_EMBED_SWIFT_STANDARD_LIBRARIES = YES;
				BUNDLE_LOADER = "$(TEST_HOST)";
				CODE_SIGN_STYLE = Automatic;
				CURRENT_PROJECT_VERSION = 1;
				DEVELOPMENT_TEAM = X9NZ672UUT;
				GENERATE_INFOPLIST_FILE = YES;
				IPHONEOS_DEPLOYMENT_TARGET = 16.2;
				MARKETING_VERSION = 1.0;
				PRODUCT_BUNDLE_IDENTIFIER = "keithc.Simple-Remote-Shopping-ListTests";
				PRODUCT_NAME = "$(TARGET_NAME)";
				SWIFT_EMIT_LOC_STRINGS = NO;
				SWIFT_VERSION = 5.0;
				TARGETED_DEVICE_FAMILY = "1,2";
				TEST_HOST = "$(BUILT_PRODUCTS_DIR)/Simple-Remote-Shopping-List.app/$(BUNDLE_EXECUTABLE_FOLDER_PATH)/Simple-Remote-Shopping-List";
			};
			name = Debug;
		};
		57C5CF18298ED742005957DE /* Release */ = {
			isa = XCBuildConfiguration;
			buildSettings = {
				ALWAYS_EMBED_SWIFT_STANDARD_LIBRARIES = YES;
				BUNDLE_LOADER = "$(TEST_HOST)";
				CODE_SIGN_STYLE = Automatic;
				CURRENT_PROJECT_VERSION = 1;
				DEVELOPMENT_TEAM = X9NZ672UUT;
				GENERATE_INFOPLIST_FILE = YES;
				IPHONEOS_DEPLOYMENT_TARGET = 16.2;
				MARKETING_VERSION = 1.0;
				PRODUCT_BUNDLE_IDENTIFIER = "keithc.Simple-Remote-Shopping-ListTests";
				PRODUCT_NAME = "$(TARGET_NAME)";
				SWIFT_EMIT_LOC_STRINGS = NO;
				SWIFT_VERSION = 5.0;
				TARGETED_DEVICE_FAMILY = "1,2";
				TEST_HOST = "$(BUILT_PRODUCTS_DIR)/Simple-Remote-Shopping-List.app/$(BUNDLE_EXECUTABLE_FOLDER_PATH)/Simple-Remote-Shopping-List";
			};
			name = Release;
		};
		57C5CF1A298ED742005957DE /* Debug */ = {
			isa = XCBuildConfiguration;
			buildSettings = {
				ALWAYS_EMBED_SWIFT_STANDARD_LIBRARIES = YES;
				CLANG_ENABLE_MODULES = YES;
				CODE_SIGN_STYLE = Automatic;
				CURRENT_PROJECT_VERSION = 1;
				DEVELOPMENT_TEAM = X9NZ672UUT;
				GCC_PREPROCESSOR_DEFINITIONS = (
					"DEBUG=1",
					"$(inherited)",
				);
				GENERATE_INFOPLIST_FILE = YES;
				LD_RUNPATH_SEARCH_PATHS = (
					"$(inherited)",
					"@executable_path/Frameworks",
					"@loader_path/Frameworks",
				);
				MARKETING_VERSION = 1.0;
				OTHER_SWIFT_FLAGS = "";
				PRODUCT_BUNDLE_IDENTIFIER = "keithc.Simple-Remote-Shopping-ListUITests";
				PRODUCT_NAME = "$(TARGET_NAME)";
				SWIFT_EMIT_LOC_STRINGS = NO;
				SWIFT_OPTIMIZATION_LEVEL = "-Onone";
				SWIFT_VERSION = 5.0;
				TARGETED_DEVICE_FAMILY = "1,2";
				TEST_TARGET_NAME = "Simple-Remote-Shopping-List";
			};
			name = Debug;
		};
		57C5CF1B298ED742005957DE /* Release */ = {
			isa = XCBuildConfiguration;
			buildSettings = {
				ALWAYS_EMBED_SWIFT_STANDARD_LIBRARIES = YES;
				CLANG_ENABLE_MODULES = YES;
				CODE_SIGN_STYLE = Automatic;
				CURRENT_PROJECT_VERSION = 1;
				DEVELOPMENT_TEAM = X9NZ672UUT;
				GENERATE_INFOPLIST_FILE = YES;
				LD_RUNPATH_SEARCH_PATHS = (
					"$(inherited)",
					"@executable_path/Frameworks",
					"@loader_path/Frameworks",
				);
				MARKETING_VERSION = 1.0;
				PRODUCT_BUNDLE_IDENTIFIER = "keithc.Simple-Remote-Shopping-ListUITests";
				PRODUCT_NAME = "$(TARGET_NAME)";
				SWIFT_EMIT_LOC_STRINGS = NO;
				SWIFT_VERSION = 5.0;
				TARGETED_DEVICE_FAMILY = "1,2";
				TEST_TARGET_NAME = "Simple-Remote-Shopping-List";
			};
			name = Release;
		};
/* End XCBuildConfiguration section */

/* Begin XCConfigurationList section */
		57C5CEEA298ED73E005957DE /* Build configuration list for PBXProject "Simple-Remote-Shopping-List" */ = {
			isa = XCConfigurationList;
			buildConfigurations = (
				57C5CF11298ED742005957DE /* Debug */,
				572AEEC729A04B8D00A011E7 /* UITest */,
				57C5CF12298ED742005957DE /* Release */,
			);
			defaultConfigurationIsVisible = 0;
			defaultConfigurationName = Release;
		};
		57C5CF13298ED742005957DE /* Build configuration list for PBXNativeTarget "Simple-Remote-Shopping-List" */ = {
			isa = XCConfigurationList;
			buildConfigurations = (
				57C5CF14298ED742005957DE /* Debug */,
				572AEEC829A04B8D00A011E7 /* UITest */,
				57C5CF15298ED742005957DE /* Release */,
			);
			defaultConfigurationIsVisible = 0;
			defaultConfigurationName = Release;
		};
		57C5CF16298ED742005957DE /* Build configuration list for PBXNativeTarget "Simple-Remote-Shopping-ListTests" */ = {
			isa = XCConfigurationList;
			buildConfigurations = (
				57C5CF17298ED742005957DE /* Debug */,
				572AEEC929A04B8D00A011E7 /* UITest */,
				57C5CF18298ED742005957DE /* Release */,
			);
			defaultConfigurationIsVisible = 0;
			defaultConfigurationName = Release;
		};
		57C5CF19298ED742005957DE /* Build configuration list for PBXNativeTarget "Simple-Remote-Shopping-ListUITests" */ = {
			isa = XCConfigurationList;
			buildConfigurations = (
				57C5CF1A298ED742005957DE /* Debug */,
				572AEECA29A04B8D00A011E7 /* UITest */,
				57C5CF1B298ED742005957DE /* Release */,
			);
			defaultConfigurationIsVisible = 0;
			defaultConfigurationName = Release;
		};
/* End XCConfigurationList section */

/* Begin XCRemoteSwiftPackageReference section */
		57C5CF1C298EEC41005957DE /* XCRemoteSwiftPackageReference "firebase-ios-sdk" */ = {
			isa = XCRemoteSwiftPackageReference;
			repositoryURL = "https://github.com/firebase/firebase-ios-sdk.git";
			requirement = {
				kind = upToNextMajorVersion;
				minimumVersion = 9.0.0;
			};
		};
/* End XCRemoteSwiftPackageReference section */

/* Begin XCSwiftPackageProductDependency section */
		57B658F4299FE02100C6070C /* FirebaseAuth */ = {
			isa = XCSwiftPackageProductDependency;
			package = 57C5CF1C298EEC41005957DE /* XCRemoteSwiftPackageReference "firebase-ios-sdk" */;
			productName = FirebaseAuth;
		};
		57B658F6299FE02400C6070C /* FirebaseDatabase */ = {
			isa = XCSwiftPackageProductDependency;
			package = 57C5CF1C298EEC41005957DE /* XCRemoteSwiftPackageReference "firebase-ios-sdk" */;
			productName = FirebaseDatabase;
		};
		57C5CF1D298EEC41005957DE /* FirebaseAnalytics */ = {
			isa = XCSwiftPackageProductDependency;
			package = 57C5CF1C298EEC41005957DE /* XCRemoteSwiftPackageReference "firebase-ios-sdk" */;
			productName = FirebaseAnalytics;
		};
		57C5CF1F298EEC41005957DE /* FirebaseAuth */ = {
			isa = XCSwiftPackageProductDependency;
			package = 57C5CF1C298EEC41005957DE /* XCRemoteSwiftPackageReference "firebase-ios-sdk" */;
			productName = FirebaseAuth;
		};
		57C5CF21298EEC41005957DE /* FirebaseCrashlytics */ = {
			isa = XCSwiftPackageProductDependency;
			package = 57C5CF1C298EEC41005957DE /* XCRemoteSwiftPackageReference "firebase-ios-sdk" */;
			productName = FirebaseCrashlytics;
		};
		57C5CF23298EEC41005957DE /* FirebaseDatabase */ = {
			isa = XCSwiftPackageProductDependency;
			package = 57C5CF1C298EEC41005957DE /* XCRemoteSwiftPackageReference "firebase-ios-sdk" */;
			productName = FirebaseDatabase;
		};
		57C5CF25298EEC41005957DE /* FirebaseDatabaseSwift */ = {
			isa = XCSwiftPackageProductDependency;
			package = 57C5CF1C298EEC41005957DE /* XCRemoteSwiftPackageReference "firebase-ios-sdk" */;
			productName = FirebaseDatabaseSwift;
		};
		57C5CF27298EEC41005957DE /* FirebaseFunctions */ = {
			isa = XCSwiftPackageProductDependency;
			package = 57C5CF1C298EEC41005957DE /* XCRemoteSwiftPackageReference "firebase-ios-sdk" */;
			productName = FirebaseFunctions;
		};
		57C5CF29298EEC41005957DE /* FirebaseStorage */ = {
			isa = XCSwiftPackageProductDependency;
			package = 57C5CF1C298EEC41005957DE /* XCRemoteSwiftPackageReference "firebase-ios-sdk" */;
			productName = FirebaseStorage;
		};
/* End XCSwiftPackageProductDependency section */
	};
	rootObject = 57C5CEE7298ED73E005957DE /* Project object */;
}
